// !$*UTF8*$!
{
	archiveVersion = 1;
	classes = {
	};
	objectVersion = 54;
	objects = {

/* Begin PBXBuildFile section */
		29B84DA1A967A87CE2DE1162 /* LocalizationManager.swift in Sources */ = {isa = PBXBuildFile; fileRef = B1100283D77DD3FFD287F4ED /* LocalizationManager.swift */; };
		2F57D96FD38346B69140C55C /* BiquadCoefficients.swift in Sources */ = {isa = PBXBuildFile; fileRef = E32679434F1D4DAA8FAE63C7 /* BiquadCoefficients.swift */; };
		2FAD9763203C412B000D30F8 /* config.xml in Resources */ = {isa = PBXBuildFile; fileRef = 2FAD9762203C412B000D30F8 /* config.xml */; };
		3400AA012FA1000000000001 /* ArtistsView.swift in Sources */ = {isa = PBXBuildFile; fileRef = 3400AA002FA1000000000001 /* ArtistsView.swift */; };
		3400BB012FA2000000000001 /* SettingsView.swift in Sources */ = {isa = PBXBuildFile; fileRef = 3400BB002FA2000000000001 /* SettingsView.swift */; };
		3400CC012FA4000000000001 /* HomeView.swift in Sources */ = {isa = PBXBuildFile; fileRef = 3400CC002FA4000000000001 /* HomeView.swift */; };
		3400DD012FA6000000000001 /* NowPlayingState.swift in Sources */ = {isa = PBXBuildFile; fileRef = 3400DD002FA6000000000001 /* NowPlayingState.swift */; };
		3400DD052FA6000000000005 /* MiniPlayerView.swift in Sources */ = {isa = PBXBuildFile; fileRef = 3400DD042FA6000000000004 /* MiniPlayerView.swift */; };
		3400DD072FA6000000000007 /* ContentView.swift in Sources */ = {isa = PBXBuildFile; fileRef = 3400DD062FA6000000000006 /* ContentView.swift */; };
		3400EE012FA7000000000001 /* NowPlayingViewerView.swift in Sources */ = {isa = PBXBuildFile; fileRef = 3400EE002FA7000000000001 /* NowPlayingViewerView.swift */; };
		3400EE042FA7000000000003 /* ProgressBarView.swift in Sources */ = {isa = PBXBuildFile; fileRef = 3400EE032FA7000000000003 /* ProgressBarView.swift */; };
		3400EE062FA7000000000005 /* PlaybackControlsView.swift in Sources */ = {isa = PBXBuildFile; fileRef = 3400EE052FA7000000000005 /* PlaybackControlsView.swift */; };
		3400EE082FA7000000000007 /* CanvasView.swift in Sources */ = {isa = PBXBuildFile; fileRef = 3400EE072FA7000000000007 /* CanvasView.swift */; };
		3400EE0A2FA7000000000009 /* CanvasService.swift in Sources */ = {isa = PBXBuildFile; fileRef = 3400EE092FA7000000000009 /* CanvasService.swift */; };
		3400EE0C2FA700000000000B /* LyricsView.swift in Sources */ = {isa = PBXBuildFile; fileRef = 3400EE0B2FA700000000000B /* LyricsView.swift */; };
		3400EE0E2FA700000000000D /* LyricsService.swift in Sources */ = {isa = PBXBuildFile; fileRef = 3400EE0D2FA700000000000D /* LyricsService.swift */; };
		3400EE102FA700000000000F /* QueuePanelView.swift in Sources */ = {isa = PBXBuildFile; fileRef = 3400EE0F2FA700000000000F /* QueuePanelView.swift */; };
		3400EE122FA7000000000011 /* DevicePickerView.swift in Sources */ = {isa = PBXBuildFile; fileRef = 3400EE112FA7000000000010 /* DevicePickerView.swift */; };
		3400EE142FA7000000000013 /* AddToPlaylistView.swift in Sources */ = {isa = PBXBuildFile; fileRef = 3400EE132FA7000000000012 /* AddToPlaylistView.swift */; };
		3400FF012FA8000000000001 /* BackendService.swift in Sources */ = {isa = PBXBuildFile; fileRef = 3400FF002FA8000000000001 /* BackendService.swift */; };
		3400FF032FA8000000000003 /* PersistenceService.swift in Sources */ = {isa = PBXBuildFile; fileRef = 3400FF022FA8000000000002 /* PersistenceService.swift */; };
		3400FF052FA8000000000005 /* DJMixingService.swift in Sources */ = {isa = PBXBuildFile; fileRef = 3400FF042FA8000000000004 /* DJMixingService.swift */; };
		3400FF072FA8000000000007 /* QueueManager.swift in Sources */ = {isa = PBXBuildFile; fileRef = 3400FF062FA8000000000006 /* QueueManager.swift */; };
		3400FF092FA8000000000009 /* ScrobbleService.swift in Sources */ = {isa = PBXBuildFile; fileRef = 3400FF082FA8000000000008 /* ScrobbleService.swift */; };
		3400FF0B2FA800000000000B /* AnalysisCacheService.swift in Sources */ = {isa = PBXBuildFile; fileRef = 3400FF0A2FA800000000000A /* AnalysisCacheService.swift */; };
		3400FF0D2FA800000000000D /* SmartMixManager.swift in Sources */ = {isa = PBXBuildFile; fileRef = 3400FF0C2FA800000000000C /* SmartMixManager.swift */; };
		3400FF0F2FA800000000000F /* ConnectService.swift in Sources */ = {isa = PBXBuildFile; fileRef = 3400FF0E2FA800000000000E /* ConnectService.swift */; };
		3400FF312FA8000000000031 /* OfflineModels.swift in Sources */ = {isa = PBXBuildFile; fileRef = 3400FF302FA8000000000030 /* OfflineModels.swift */; };
		3400FF332FA8000000000033 /* OfflineStorageManager.swift in Sources */ = {isa = PBXBuildFile; fileRef = 3400FF322FA8000000000032 /* OfflineStorageManager.swift */; };
		3400FF352FA8000000000035 /* NetworkMonitor.swift in Sources */ = {isa = PBXBuildFile; fileRef = 3400FF342FA8000000000034 /* NetworkMonitor.swift */; };
		3400FF372FA8000000000037 /* DownloadManager.swift in Sources */ = {isa = PBXBuildFile; fileRef = 3400FF362FA8000000000036 /* DownloadManager.swift */; };
		3400FF392FA8000000000039 /* DownloadButton.swift in Sources */ = {isa = PBXBuildFile; fileRef = 3400FF382FA8000000000038 /* DownloadButton.swift */; };
		3400FF3B2FA800000000003B /* StorageManagementView.swift in Sources */ = {isa = PBXBuildFile; fileRef = 3400FF3A2FA800000000003A /* StorageManagementView.swift */; };
		3400FF3D2FA800000000003D /* OfflineContentProvider.swift in Sources */ = {isa = PBXBuildFile; fileRef = 3400FF3C2FA800000000003C /* OfflineContentProvider.swift */; };
		3400FF412FA8000000000041 /* BackendState.swift in Sources */ = {isa = PBXBuildFile; fileRef = 3400FF402FA8000000000040 /* BackendState.swift */; };
		3400FF432FA8000000000043 /* TransitionDiagnostics.swift in Sources */ = {isa = PBXBuildFile; fileRef = 3400FF422FA8000000000042 /* TransitionDiagnostics.swift */; };
		3400FF452FA8000000000045 /* TransitionDiagnosticsView.swift in Sources */ = {isa = PBXBuildFile; fileRef = 3400FF442FA8000000000044 /* TransitionDiagnosticsView.swift */; };
		342286B92F90CB0900785736 /* SearchView.swift in Sources */ = {isa = PBXBuildFile; fileRef = 342286B62F90CB0900785736 /* SearchView.swift */; };
		342286BC2F90CB1800785736 /* NavidromeService.swift in Sources */ = {isa = PBXBuildFile; fileRef = 342286BA2F90CB1800785736 /* NavidromeService.swift */; };
		342286BF2F90CB2800785736 /* NavidromeModels.swift in Sources */ = {isa = PBXBuildFile; fileRef = 342286BD2F90CB2800785736 /* NavidromeModels.swift */; };
		342286C12F90D07300785736 /* AppTheme.swift in Sources */ = {isa = PBXBuildFile; fileRef = 342286C02F90D07300785736 /* AppTheme.swift */; };
		342286C32F90D45200785736 /* PlayerService.swift in Sources */ = {isa = PBXBuildFile; fileRef = 342286C22F90D45200785736 /* PlayerService.swift */; };
		342286C72F90D87900785736 /* PlaylistsView.swift in Sources */ = {isa = PBXBuildFile; fileRef = 342286C52F90D87900785736 /* PlaylistsView.swift */; };
		342286C82F90D87900785736 /* PlaylistDetailView.swift in Sources */ = {isa = PBXBuildFile; fileRef = 342286C42F90D87900785736 /* PlaylistDetailView.swift */; };
		342286CA2F90DC2400785736 /* ColorExtractor.swift in Sources */ = {isa = PBXBuildFile; fileRef = 342286C92F90DC2400785736 /* ColorExtractor.swift */; };
		342286CD2F90DC3200785736 /* AlbumDetailView.swift in Sources */ = {isa = PBXBuildFile; fileRef = 342286CB2F90DC3200785736 /* AlbumDetailView.swift */; };
		342286D02F910FCA00785736 /* ArtistDetailView.swift in Sources */ = {isa = PBXBuildFile; fileRef = 342286CE2F910FCA00785736 /* ArtistDetailView.swift */; };
		342286D12F920A0000785736 /* CredentialsStore.swift in Sources */ = {isa = PBXBuildFile; fileRef = 342286D02F920A0000785736 /* CredentialsStore.swift */; };
		342286D32F91756800785736 /* SongListView.swift in Sources */ = {isa = PBXBuildFile; fileRef = 342286D12F91756800785736 /* SongListView.swift */; };
		342286D32F920B0000785736 /* LoginView.swift in Sources */ = {isa = PBXBuildFile; fileRef = 342286D22F920B0000785736 /* LoginView.swift */; };
		3499AA022F91756800785736 /* HorizontalScrollSection.swift in Sources */ = {isa = PBXBuildFile; fileRef = 3499AA012F91756800785736 /* HorizontalScrollSection.swift */; };
		3499AA042F91756800785736 /* SeeAllGridView.swift in Sources */ = {isa = PBXBuildFile; fileRef = 3499AA032F91756800785736 /* SeeAllGridView.swift */; };
		3499AA062F91756800785736 /* PlaylistCardView.swift in Sources */ = {isa = PBXBuildFile; fileRef = 3499AA052F91756800785736 /* PlaylistCardView.swift */; };
		3499AA082FA3000000000001 /* ArtistCardView.swift in Sources */ = {isa = PBXBuildFile; fileRef = 3499AA072FA3000000000001 /* ArtistCardView.swift */; };
		3499AA0A2FA5000000000001 /* AlbumCardView.swift in Sources */ = {isa = PBXBuildFile; fileRef = 3499AA092FA5000000000001 /* AlbumCardView.swift */; };
		3499AA0C2FA7000000000001 /* AnimationPresets.swift in Sources */ = {isa = PBXBuildFile; fileRef = 3499AA0B2FA7000000000001 /* AnimationPresets.swift */; };
		4BF16E76F545454C83E7F8DB /* BiquadDSPKernel.swift in Sources */ = {isa = PBXBuildFile; fileRef = 660E775D93EC476786BA5DB0 /* BiquadDSPKernel.swift */; };
		504EC3081FED79650016851F /* AppDelegate.swift in Sources */ = {isa = PBXBuildFile; fileRef = 504EC3071FED79650016851F /* AppDelegate.swift */; };
		504EC30F1FED79650016851F /* Assets.xcassets in Resources */ = {isa = PBXBuildFile; fileRef = 504EC30E1FED79650016851F /* Assets.xcassets */; };
		504EC3121FED79650016851F /* LaunchScreen.storyboard in Resources */ = {isa = PBXBuildFile; fileRef = 504EC3101FED79650016851F /* LaunchScreen.storyboard */; };
		725590D8D88644269AF896F0 /* BiquadDSPNode.swift in Sources */ = {isa = PBXBuildFile; fileRef = EF29A26B9EDB46C9A3187286 /* BiquadDSPNode.swift */; };
		AA11BB22CC33DD44EE55FF10 /* AudioEngineManager.swift in Sources */ = {isa = PBXBuildFile; fileRef = AA11BB22CC33DD44EE55FF11 /* AudioEngineManager.swift */; };
		AA11BB22CC33DD44EE55FF12 /* AudioFileLoader.swift in Sources */ = {isa = PBXBuildFile; fileRef = AA11BB22CC33DD44EE55FF13 /* AudioFileLoader.swift */; };
		AA11BB22CC33DD44EE55FF16 /* CrossfadeExecutor.swift in Sources */ = {isa = PBXBuildFile; fileRef = AA11BB22CC33DD44EE55FF17 /* CrossfadeExecutor.swift */; };
		CA11CA22CA33CA44CA55CA10 /* CarPlaySceneDelegate.swift in Sources */ = {isa = PBXBuildFile; fileRef = CA11CA22CA33CA44CA55CA11 /* CarPlaySceneDelegate.swift */; };
		DA11DA22DA33DA44DA55DA10 /* MainSceneDelegate.swift in Sources */ = {isa = PBXBuildFile; fileRef = DA11DA22DA33DA44DA55DA11 /* MainSceneDelegate.swift */; };
		DBB02AE80E614DAFAD79E48A /* BiquadCoefficientCalculator.swift in Sources */ = {isa = PBXBuildFile; fileRef = 9D8B455C82ED45E8823B51E2 /* BiquadCoefficientCalculator.swift */; };
/* End PBXBuildFile section */

/* Begin PBXFileReference section */
		2FAD9762203C412B000D30F8 /* config.xml */ = {isa = PBXFileReference; lastKnownFileType = text.xml; path = config.xml; sourceTree = "<group>"; };
		3400AA002FA1000000000001 /* ArtistsView.swift */ = {isa = PBXFileReference; lastKnownFileType = sourcecode.swift; path = ArtistsView.swift; sourceTree = "<group>"; };
		3400BB002FA2000000000001 /* SettingsView.swift */ = {isa = PBXFileReference; lastKnownFileType = sourcecode.swift; path = SettingsView.swift; sourceTree = "<group>"; };
		3400CC002FA4000000000001 /* HomeView.swift */ = {isa = PBXFileReference; lastKnownFileType = sourcecode.swift; path = HomeView.swift; sourceTree = "<group>"; };
		3400DD002FA6000000000001 /* NowPlayingState.swift */ = {isa = PBXFileReference; lastKnownFileType = sourcecode.swift; path = NowPlayingState.swift; sourceTree = "<group>"; };
		3400DD042FA6000000000004 /* MiniPlayerView.swift */ = {isa = PBXFileReference; lastKnownFileType = sourcecode.swift; path = MiniPlayerView.swift; sourceTree = "<group>"; };
		3400DD062FA6000000000006 /* ContentView.swift */ = {isa = PBXFileReference; lastKnownFileType = sourcecode.swift; path = ContentView.swift; sourceTree = "<group>"; };
		3400EE002FA7000000000001 /* NowPlayingViewerView.swift */ = {isa = PBXFileReference; lastKnownFileType = sourcecode.swift; path = NowPlayingViewerView.swift; sourceTree = "<group>"; };
		3400EE032FA7000000000003 /* ProgressBarView.swift */ = {isa = PBXFileReference; lastKnownFileType = sourcecode.swift; path = ProgressBarView.swift; sourceTree = "<group>"; };
		3400EE052FA7000000000005 /* PlaybackControlsView.swift */ = {isa = PBXFileReference; lastKnownFileType = sourcecode.swift; path = PlaybackControlsView.swift; sourceTree = "<group>"; };
		3400EE072FA7000000000007 /* CanvasView.swift */ = {isa = PBXFileReference; lastKnownFileType = sourcecode.swift; path = CanvasView.swift; sourceTree = "<group>"; };
		3400EE092FA7000000000009 /* CanvasService.swift */ = {isa = PBXFileReference; lastKnownFileType = sourcecode.swift; path = CanvasService.swift; sourceTree = "<group>"; };
		3400EE0B2FA700000000000B /* LyricsView.swift */ = {isa = PBXFileReference; lastKnownFileType = sourcecode.swift; path = LyricsView.swift; sourceTree = "<group>"; };
		3400EE0D2FA700000000000D /* LyricsService.swift */ = {isa = PBXFileReference; lastKnownFileType = sourcecode.swift; path = LyricsService.swift; sourceTree = "<group>"; };
		3400EE0F2FA700000000000F /* QueuePanelView.swift */ = {isa = PBXFileReference; lastKnownFileType = sourcecode.swift; path = QueuePanelView.swift; sourceTree = "<group>"; };
		3400EE112FA7000000000010 /* DevicePickerView.swift */ = {isa = PBXFileReference; lastKnownFileType = sourcecode.swift; path = DevicePickerView.swift; sourceTree = "<group>"; };
		3400EE132FA7000000000012 /* AddToPlaylistView.swift */ = {isa = PBXFileReference; lastKnownFileType = sourcecode.swift; path = AddToPlaylistView.swift; sourceTree = "<group>"; };
		3400FF002FA8000000000001 /* BackendService.swift */ = {isa = PBXFileReference; lastKnownFileType = sourcecode.swift; path = BackendService.swift; sourceTree = "<group>"; };
		3400FF022FA8000000000002 /* PersistenceService.swift */ = {isa = PBXFileReference; lastKnownFileType = sourcecode.swift; path = PersistenceService.swift; sourceTree = "<group>"; };
		3400FF042FA8000000000004 /* DJMixingService.swift */ = {isa = PBXFileReference; lastKnownFileType = sourcecode.swift; path = DJMixingService.swift; sourceTree = "<group>"; };
		3400FF062FA8000000000006 /* QueueManager.swift */ = {isa = PBXFileReference; lastKnownFileType = sourcecode.swift; path = QueueManager.swift; sourceTree = "<group>"; };
		3400FF082FA8000000000008 /* ScrobbleService.swift */ = {isa = PBXFileReference; lastKnownFileType = sourcecode.swift; path = ScrobbleService.swift; sourceTree = "<group>"; };
		3400FF0A2FA800000000000A /* AnalysisCacheService.swift */ = {isa = PBXFileReference; lastKnownFileType = sourcecode.swift; path = AnalysisCacheService.swift; sourceTree = "<group>"; };
		3400FF0C2FA800000000000C /* SmartMixManager.swift */ = {isa = PBXFileReference; lastKnownFileType = sourcecode.swift; path = SmartMixManager.swift; sourceTree = "<group>"; };
		3400FF0E2FA800000000000E /* ConnectService.swift */ = {isa = PBXFileReference; lastKnownFileType = sourcecode.swift; path = ConnectService.swift; sourceTree = "<group>"; };
		3400FF302FA8000000000030 /* OfflineModels.swift */ = {isa = PBXFileReference; lastKnownFileType = sourcecode.swift; path = OfflineModels.swift; sourceTree = "<group>"; };
		3400FF322FA8000000000032 /* OfflineStorageManager.swift */ = {isa = PBXFileReference; lastKnownFileType = sourcecode.swift; path = OfflineStorageManager.swift; sourceTree = "<group>"; };
		3400FF342FA8000000000034 /* NetworkMonitor.swift */ = {isa = PBXFileReference; lastKnownFileType = sourcecode.swift; path = NetworkMonitor.swift; sourceTree = "<group>"; };
		3400FF362FA8000000000036 /* DownloadManager.swift */ = {isa = PBXFileReference; lastKnownFileType = sourcecode.swift; path = DownloadManager.swift; sourceTree = "<group>"; };
		3400FF382FA8000000000038 /* DownloadButton.swift */ = {isa = PBXFileReference; lastKnownFileType = sourcecode.swift; path = DownloadButton.swift; sourceTree = "<group>"; };
		3400FF3A2FA800000000003A /* StorageManagementView.swift */ = {isa = PBXFileReference; lastKnownFileType = sourcecode.swift; path = StorageManagementView.swift; sourceTree = "<group>"; };
		3400FF3C2FA800000000003C /* OfflineContentProvider.swift */ = {isa = PBXFileReference; lastKnownFileType = sourcecode.swift; path = OfflineContentProvider.swift; sourceTree = "<group>"; };
		3400FF402FA8000000000040 /* BackendState.swift */ = {isa = PBXFileReference; lastKnownFileType = sourcecode.swift; path = BackendState.swift; sourceTree = "<group>"; };
		3400FF422FA8000000000042 /* TransitionDiagnostics.swift */ = {isa = PBXFileReference; lastKnownFileType = sourcecode.swift; path = TransitionDiagnostics.swift; sourceTree = "<group>"; };
		3400FF442FA8000000000044 /* TransitionDiagnosticsView.swift */ = {isa = PBXFileReference; lastKnownFileType = sourcecode.swift; path = TransitionDiagnosticsView.swift; sourceTree = "<group>"; };
		342286B62F90CB0900785736 /* SearchView.swift */ = {isa = PBXFileReference; lastKnownFileType = sourcecode.swift; path = SearchView.swift; sourceTree = "<group>"; };
		342286BA2F90CB1800785736 /* NavidromeService.swift */ = {isa = PBXFileReference; lastKnownFileType = sourcecode.swift; path = NavidromeService.swift; sourceTree = "<group>"; };
		342286BD2F90CB2800785736 /* NavidromeModels.swift */ = {isa = PBXFileReference; lastKnownFileType = sourcecode.swift; path = NavidromeModels.swift; sourceTree = "<group>"; };
		342286C02F90D07300785736 /* AppTheme.swift */ = {isa = PBXFileReference; lastKnownFileType = sourcecode.swift; path = AppTheme.swift; sourceTree = "<group>"; };
		342286C22F90D45200785736 /* PlayerService.swift */ = {isa = PBXFileReference; lastKnownFileType = sourcecode.swift; path = PlayerService.swift; sourceTree = "<group>"; };
		342286C42F90D87900785736 /* PlaylistDetailView.swift */ = {isa = PBXFileReference; lastKnownFileType = sourcecode.swift; path = PlaylistDetailView.swift; sourceTree = "<group>"; };
		342286C52F90D87900785736 /* PlaylistsView.swift */ = {isa = PBXFileReference; lastKnownFileType = sourcecode.swift; path = PlaylistsView.swift; sourceTree = "<group>"; };
		342286C92F90DC2400785736 /* ColorExtractor.swift */ = {isa = PBXFileReference; lastKnownFileType = sourcecode.swift; path = ColorExtractor.swift; sourceTree = "<group>"; };
		342286CB2F90DC3200785736 /* AlbumDetailView.swift */ = {isa = PBXFileReference; lastKnownFileType = sourcecode.swift; path = AlbumDetailView.swift; sourceTree = "<group>"; };
		342286CE2F910FCA00785736 /* ArtistDetailView.swift */ = {isa = PBXFileReference; lastKnownFileType = sourcecode.swift; path = ArtistDetailView.swift; sourceTree = "<group>"; };
		342286D02F920A0000785736 /* CredentialsStore.swift */ = {isa = PBXFileReference; lastKnownFileType = sourcecode.swift; path = CredentialsStore.swift; sourceTree = "<group>"; };
		342286D12F91756800785736 /* SongListView.swift */ = {isa = PBXFileReference; lastKnownFileType = sourcecode.swift; path = SongListView.swift; sourceTree = "<group>"; };
		342286D22F920B0000785736 /* LoginView.swift */ = {isa = PBXFileReference; lastKnownFileType = sourcecode.swift; path = LoginView.swift; sourceTree = "<group>"; };
		349110652F7BA76900342F6B /* App.entitlements */ = {isa = PBXFileReference; lastKnownFileType = text.plist.entitlements; path = App.entitlements; sourceTree = "<group>"; };
		3499AA012F91756800785736 /* HorizontalScrollSection.swift */ = {isa = PBXFileReference; lastKnownFileType = sourcecode.swift; path = HorizontalScrollSection.swift; sourceTree = "<group>"; };
		3499AA032F91756800785736 /* SeeAllGridView.swift */ = {isa = PBXFileReference; lastKnownFileType = sourcecode.swift; path = SeeAllGridView.swift; sourceTree = "<group>"; };
		3499AA052F91756800785736 /* PlaylistCardView.swift */ = {isa = PBXFileReference; lastKnownFileType = sourcecode.swift; path = PlaylistCardView.swift; sourceTree = "<group>"; };
		3499AA072FA3000000000001 /* ArtistCardView.swift */ = {isa = PBXFileReference; lastKnownFileType = sourcecode.swift; path = ArtistCardView.swift; sourceTree = "<group>"; };
		3499AA092FA5000000000001 /* AlbumCardView.swift */ = {isa = PBXFileReference; lastKnownFileType = sourcecode.swift; path = AlbumCardView.swift; sourceTree = "<group>"; };
		3499AA0B2FA7000000000001 /* AnimationPresets.swift */ = {isa = PBXFileReference; lastKnownFileType = sourcecode.swift; path = AnimationPresets.swift; sourceTree = "<group>"; };
		504EC3041FED79650016851F /* App.app */ = {isa = PBXFileReference; explicitFileType = wrapper.application; includeInIndex = 0; path = App.app; sourceTree = BUILT_PRODUCTS_DIR; };
		504EC3071FED79650016851F /* AppDelegate.swift */ = {isa = PBXFileReference; lastKnownFileType = sourcecode.swift; path = AppDelegate.swift; sourceTree = "<group>"; };
		504EC30E1FED79650016851F /* Assets.xcassets */ = {isa = PBXFileReference; lastKnownFileType = folder.assetcatalog; path = Assets.xcassets; sourceTree = "<group>"; };
		504EC3111FED79650016851F /* Base */ = {isa = PBXFileReference; lastKnownFileType = file.storyboard; name = Base; path = Base.lproj/LaunchScreen.storyboard; sourceTree = "<group>"; };
		504EC3131FED79650016851F /* Info.plist */ = {isa = PBXFileReference; lastKnownFileType = text.plist.xml; path = Info.plist; sourceTree = "<group>"; };
		660E775D93EC476786BA5DB0 /* BiquadDSPKernel.swift */ = {isa = PBXFileReference; lastKnownFileType = sourcecode.swift; path = BiquadDSPKernel.swift; sourceTree = "<group>"; };
		958DCC722DB07C7200EA8C5F /* debug.xcconfig */ = {isa = PBXFileReference; lastKnownFileType = text.xcconfig; name = debug.xcconfig; path = ../debug.xcconfig; sourceTree = SOURCE_ROOT; };
		9D8B455C82ED45E8823B51E2 /* BiquadCoefficientCalculator.swift */ = {isa = PBXFileReference; lastKnownFileType = sourcecode.swift; path = BiquadCoefficientCalculator.swift; sourceTree = "<group>"; };
		AA11BB22CC33DD44EE55FF11 /* AudioEngineManager.swift */ = {isa = PBXFileReference; lastKnownFileType = sourcecode.swift; path = AudioEngineManager.swift; sourceTree = "<group>"; };
		AA11BB22CC33DD44EE55FF13 /* AudioFileLoader.swift */ = {isa = PBXFileReference; lastKnownFileType = sourcecode.swift; path = AudioFileLoader.swift; sourceTree = "<group>"; };
		AA11BB22CC33DD44EE55FF17 /* CrossfadeExecutor.swift */ = {isa = PBXFileReference; lastKnownFileType = sourcecode.swift; path = CrossfadeExecutor.swift; sourceTree = "<group>"; };
		B1100283D77DD3FFD287F4ED /* LocalizationManager.swift */ = {isa = PBXFileReference; lastKnownFileType = sourcecode.swift; path = LocalizationManager.swift; sourceTree = "<group>"; };
		CA11CA22CA33CA44CA55CA11 /* CarPlaySceneDelegate.swift */ = {isa = PBXFileReference; lastKnownFileType = sourcecode.swift; path = CarPlaySceneDelegate.swift; sourceTree = "<group>"; };
		DA11DA22DA33DA44DA55DA11 /* MainSceneDelegate.swift */ = {isa = PBXFileReference; lastKnownFileType = sourcecode.swift; path = MainSceneDelegate.swift; sourceTree = "<group>"; };
		E32679434F1D4DAA8FAE63C7 /* BiquadCoefficients.swift */ = {isa = PBXFileReference; lastKnownFileType = sourcecode.swift; path = BiquadCoefficients.swift; sourceTree = "<group>"; };
		EF29A26B9EDB46C9A3187286 /* BiquadDSPNode.swift */ = {isa = PBXFileReference; lastKnownFileType = sourcecode.swift; path = BiquadDSPNode.swift; sourceTree = "<group>"; };
/* End PBXFileReference section */

/* Begin PBXFrameworksBuildPhase section */
		504EC3011FED79650016851F /* Frameworks */ = {
			isa = PBXFrameworksBuildPhase;
			buildActionMask = 2147483647;
			files = (
			);
			runOnlyForDeploymentPostprocessing = 0;
		};
/* End PBXFrameworksBuildPhase section */

/* Begin PBXGroup section */
		3400CC022FA4000000000002 /* Home */ = {
			isa = PBXGroup;
			children = (
				3400CC002FA4000000000001 /* HomeView.swift */,
			);
			path = Home;
			sourceTree = "<group>";
		};
		3400EE022FA7000000000002 /* NowPlaying */ = {
			isa = PBXGroup;
			children = (
				3400EE002FA7000000000001 /* NowPlayingViewerView.swift */,
				3400EE032FA7000000000003 /* ProgressBarView.swift */,
				3400EE052FA7000000000005 /* PlaybackControlsView.swift */,
				3400EE072FA7000000000007 /* CanvasView.swift */,
				3400EE0B2FA700000000000B /* LyricsView.swift */,
				3400EE0F2FA700000000000F /* QueuePanelView.swift */,
				3400EE112FA7000000000010 /* DevicePickerView.swift */,
				3400EE132FA7000000000012 /* AddToPlaylistView.swift */,
			);
			path = NowPlaying;
			sourceTree = "<group>";
		};
		342286B72F90CB0900785736 /* Search */ = {
			isa = PBXGroup;
			children = (
				342286B62F90CB0900785736 /* SearchView.swift */,
			);
			path = Search;
			sourceTree = "<group>";
		};
		342286B82F90CB0900785736 /* Views */ = {
			isa = PBXGroup;
			children = (
				3400DD062FA6000000000006 /* ContentView.swift */,
				3400CC022FA4000000000002 /* Home */,
				342286B72F90CB0900785736 /* Search */,
				342286C62F90D87900785736 /* Playlists */,
				342286CC2F90DC3200785736 /* Albums */,
				342286CF2F910FCA00785736 /* Artists */,
				3400EE022FA7000000000002 /* NowPlaying */,
				342286D42F920B0000785736 /* Settings */,
				342286D22F91756800785736 /* Shared */,
			);
			path = Views;
			sourceTree = "<group>";
		};
		342286BB2F90CB1800785736 /* Services */ = {
			isa = PBXGroup;
			children = (
				342286BA2F90CB1800785736 /* NavidromeService.swift */,
				342286C02F90D07300785736 /* AppTheme.swift */,
				342286C22F90D45200785736 /* PlayerService.swift */,
				342286C92F90DC2400785736 /* ColorExtractor.swift */,
				342286D02F920A0000785736 /* CredentialsStore.swift */,
				3400DD002FA6000000000001 /* NowPlayingState.swift */,
				3400EE092FA7000000000009 /* CanvasService.swift */,
				3400EE0D2FA700000000000D /* LyricsService.swift */,
				3400FF002FA8000000000001 /* BackendService.swift */,
				B1100283D77DD3FFD287F4ED /* LocalizationManager.swift */,
				3400FF022FA8000000000002 /* PersistenceService.swift */,
				3400FF062FA8000000000006 /* QueueManager.swift */,
				3400FF082FA8000000000008 /* ScrobbleService.swift */,
				3400FF342FA8000000000034 /* NetworkMonitor.swift */,
				3400FF402FA8000000000040 /* BackendState.swift */,
				3400FF362FA8000000000036 /* DownloadManager.swift */,
				3400FF3C2FA800000000003C /* OfflineContentProvider.swift */,
				3400FF322FA8000000000032 /* OfflineStorageManager.swift */,
				3400FF0A2FA800000000000A /* AnalysisCacheService.swift */,
				3400FF0C2FA800000000000C /* SmartMixManager.swift */,
				3400FF042FA8000000000004 /* DJMixingService.swift */,
				3400FF0E2FA800000000000E /* ConnectService.swift */,
				3400FF422FA8000000000042 /* TransitionDiagnostics.swift */,
			);
			path = Services;
			sourceTree = "<group>";
		};
		342286BE2F90CB2800785736 /* Models */ = {
			isa = PBXGroup;
			children = (
				342286BD2F90CB2800785736 /* NavidromeModels.swift */,
				3400FF302FA8000000000030 /* OfflineModels.swift */,
			);
			path = Models;
			sourceTree = "<group>";
		};
		342286C62F90D87900785736 /* Playlists */ = {
			isa = PBXGroup;
			children = (
				342286C42F90D87900785736 /* PlaylistDetailView.swift */,
				342286C52F90D87900785736 /* PlaylistsView.swift */,
			);
			path = Playlists;
			sourceTree = "<group>";
		};
		342286CC2F90DC3200785736 /* Albums */ = {
			isa = PBXGroup;
			children = (
				342286CB2F90DC3200785736 /* AlbumDetailView.swift */,
			);
			path = Albums;
			sourceTree = "<group>";
		};
		342286CF2F910FCA00785736 /* Artists */ = {
			isa = PBXGroup;
			children = (
				342286CE2F910FCA00785736 /* ArtistDetailView.swift */,
				3400AA002FA1000000000001 /* ArtistsView.swift */,
			);
			path = Artists;
			sourceTree = "<group>";
		};
		342286D22F91756800785736 /* Shared */ = {
			isa = PBXGroup;
			children = (
				342286D12F91756800785736 /* SongListView.swift */,
				3499AA012F91756800785736 /* HorizontalScrollSection.swift */,
				3499AA032F91756800785736 /* SeeAllGridView.swift */,
				3499AA052F91756800785736 /* PlaylistCardView.swift */,
				3499AA072FA3000000000001 /* ArtistCardView.swift */,
				3499AA092FA5000000000001 /* AlbumCardView.swift */,
				3499AA0B2FA7000000000001 /* AnimationPresets.swift */,
				3400DD042FA6000000000004 /* MiniPlayerView.swift */,
				3400FF382FA8000000000038 /* DownloadButton.swift */,
			);
			path = Shared;
			sourceTree = "<group>";
		};
		342286D42F920B0000785736 /* Settings */ = {
			isa = PBXGroup;
			children = (
				342286D22F920B0000785736 /* LoginView.swift */,
				3400BB002FA2000000000001 /* SettingsView.swift */,
				3400FF3A2FA800000000003A /* StorageManagementView.swift */,
				3400FF442FA8000000000044 /* TransitionDiagnosticsView.swift */,
			);
			path = Settings;
			sourceTree = "<group>";
		};
		504EC2FB1FED79650016851F = {
			isa = PBXGroup;
			children = (
				958DCC722DB07C7200EA8C5F /* debug.xcconfig */,
				504EC3061FED79650016851F /* App */,
				504EC3051FED79650016851F /* Products */,
			);
			sourceTree = "<group>";
		};
		504EC3051FED79650016851F /* Products */ = {
			isa = PBXGroup;
			children = (
				504EC3041FED79650016851F /* App.app */,
			);
			name = Products;
			sourceTree = "<group>";
		};
		504EC3061FED79650016851F /* App */ = {
			isa = PBXGroup;
			children = (
				349110652F7BA76900342F6B /* App.entitlements */,
				504EC3071FED79650016851F /* AppDelegate.swift */,
				AA11BB22CC33DD44EE55FF11 /* AudioEngineManager.swift */,
				AA11BB22CC33DD44EE55FF13 /* AudioFileLoader.swift */,
				AA11BB22CC33DD44EE55FF17 /* CrossfadeExecutor.swift */,
				CA11CA22CA33CA44CA55CA11 /* CarPlaySceneDelegate.swift */,
				DA11DA22DA33DA44DA55DA11 /* MainSceneDelegate.swift */,
				504EC30E1FED79650016851F /* Assets.xcassets */,
				504EC3101FED79650016851F /* LaunchScreen.storyboard */,
				504EC3131FED79650016851F /* Info.plist */,
				2FAD9762203C412B000D30F8 /* config.xml */,
				342286B82F90CB0900785736 /* Views */,
				342286BB2F90CB1800785736 /* Services */,
				FF4C1E725A4146D8BB3231F1 /* DSP */,
				342286BE2F90CB2800785736 /* Models */,
			);
			path = App;
			sourceTree = "<group>";
		};
		FF4C1E725A4146D8BB3231F1 /* DSP */ = {
			isa = PBXGroup;
			children = (
				E32679434F1D4DAA8FAE63C7 /* BiquadCoefficients.swift */,
				9D8B455C82ED45E8823B51E2 /* BiquadCoefficientCalculator.swift */,
				660E775D93EC476786BA5DB0 /* BiquadDSPKernel.swift */,
				EF29A26B9EDB46C9A3187286 /* BiquadDSPNode.swift */,
			);
			path = DSP;
			sourceTree = "<group>";
		};
/* End PBXGroup section */

/* Begin PBXNativeTarget section */
		504EC3031FED79650016851F /* App */ = {
			isa = PBXNativeTarget;
			buildConfigurationList = 504EC3161FED79650016851F /* Build configuration list for PBXNativeTarget "App" */;
			buildPhases = (
				504EC3001FED79650016851F /* Sources */,
				504EC3011FED79650016851F /* Frameworks */,
				504EC3021FED79650016851F /* Resources */,
			);
			buildRules = (
			);
			dependencies = (
			);
			name = App;
			productName = App;
			productReference = 504EC3041FED79650016851F /* App.app */;
			productType = "com.apple.product-type.application";
		};
/* End PBXNativeTarget section */

/* Begin PBXProject section */
		504EC2FC1FED79650016851F /* Project object */ = {
			isa = PBXProject;
			attributes = {
				BuildIndependentTargetsInParallel = YES;
				LastSwiftUpdateCheck = 0920;
				LastUpgradeCheck = 2620;
				TargetAttributes = {
					504EC3031FED79650016851F = {
						CreatedOnToolsVersion = 9.2;
						LastSwiftMigration = 1100;
						ProvisioningStyle = Automatic;
					};
				};
			};
			buildConfigurationList = 504EC2FF1FED79650016851F /* Build configuration list for PBXProject "App" */;
			compatibilityVersion = "Xcode 8.0";
			developmentRegion = en;
			hasScannedForEncodings = 0;
			knownRegions = (
				en,
				Base,
			);
			mainGroup = 504EC2FB1FED79650016851F;
			productRefGroup = 504EC3051FED79650016851F /* Products */;
			projectDirPath = "";
			projectRoot = "";
			targets = (
				504EC3031FED79650016851F /* App */,
			);
		};
/* End PBXProject section */

/* Begin PBXResourcesBuildPhase section */
		504EC3021FED79650016851F /* Resources */ = {
			isa = PBXResourcesBuildPhase;
			buildActionMask = 2147483647;
			files = (
				504EC3121FED79650016851F /* LaunchScreen.storyboard in Resources */,
				504EC30F1FED79650016851F /* Assets.xcassets in Resources */,
				2FAD9763203C412B000D30F8 /* config.xml in Resources */,
			);
			runOnlyForDeploymentPostprocessing = 0;
		};
/* End PBXResourcesBuildPhase section */

/* Begin PBXSourcesBuildPhase section */
		504EC3001FED79650016851F /* Sources */ = {
			isa = PBXSourcesBuildPhase;
			buildActionMask = 2147483647;
			files = (
				2F57D96FD38346B69140C55C /* BiquadCoefficients.swift in Sources */,
				DBB02AE80E614DAFAD79E48A /* BiquadCoefficientCalculator.swift in Sources */,
				4BF16E76F545454C83E7F8DB /* BiquadDSPKernel.swift in Sources */,
				725590D8D88644269AF896F0 /* BiquadDSPNode.swift in Sources */,
				504EC3081FED79650016851F /* AppDelegate.swift in Sources */,
				342286C72F90D87900785736 /* PlaylistsView.swift in Sources */,
				342286C82F90D87900785736 /* PlaylistDetailView.swift in Sources */,
				342286CA2F90DC2400785736 /* ColorExtractor.swift in Sources */,
				342286BC2F90CB1800785736 /* NavidromeService.swift in Sources */,
				342286B92F90CB0900785736 /* SearchView.swift in Sources */,
				AA11BB22CC33DD44EE55FF10 /* AudioEngineManager.swift in Sources */,
				342286BF2F90CB2800785736 /* NavidromeModels.swift in Sources */,
				AA11BB22CC33DD44EE55FF12 /* AudioFileLoader.swift in Sources */,
				342286C12F90D07300785736 /* AppTheme.swift in Sources */,
				AA11BB22CC33DD44EE55FF16 /* CrossfadeExecutor.swift in Sources */,
				342286D02F910FCA00785736 /* ArtistDetailView.swift in Sources */,
				3400AA012FA1000000000001 /* ArtistsView.swift in Sources */,
				342286D12F920A0000785736 /* CredentialsStore.swift in Sources */,
				342286D32F920B0000785736 /* LoginView.swift in Sources */,
				3400BB012FA2000000000001 /* SettingsView.swift in Sources */,
				342286CD2F90DC3200785736 /* AlbumDetailView.swift in Sources */,
				342286D32F91756800785736 /* SongListView.swift in Sources */,
				3499AA022F91756800785736 /* HorizontalScrollSection.swift in Sources */,
				3499AA042F91756800785736 /* SeeAllGridView.swift in Sources */,
				3499AA062F91756800785736 /* PlaylistCardView.swift in Sources */,
				3499AA082FA3000000000001 /* ArtistCardView.swift in Sources */,
				3499AA0A2FA5000000000001 /* AlbumCardView.swift in Sources */,
				3499AA0C2FA7000000000001 /* AnimationPresets.swift in Sources */,
				342286C32F90D45200785736 /* PlayerService.swift in Sources */,
				CA11CA22CA33CA44CA55CA10 /* CarPlaySceneDelegate.swift in Sources */,
				DA11DA22DA33DA44DA55DA10 /* MainSceneDelegate.swift in Sources */,
				3400CC012FA4000000000001 /* HomeView.swift in Sources */,
				3400DD012FA6000000000001 /* NowPlayingState.swift in Sources */,
				3400DD052FA6000000000005 /* MiniPlayerView.swift in Sources */,
				3400DD072FA6000000000007 /* ContentView.swift in Sources */,
				3400FF012FA8000000000001 /* BackendService.swift in Sources */,
				29B84DA1A967A87CE2DE1162 /* LocalizationManager.swift in Sources */,
				3400FF032FA8000000000003 /* PersistenceService.swift in Sources */,
				3400FF052FA8000000000005 /* DJMixingService.swift in Sources */,
				3400FF072FA8000000000007 /* QueueManager.swift in Sources */,
				3400FF092FA8000000000009 /* ScrobbleService.swift in Sources */,
				3400FF352FA8000000000035 /* NetworkMonitor.swift in Sources */,
				3400FF412FA8000000000041 /* BackendState.swift in Sources */,
				3400FF372FA8000000000037 /* DownloadManager.swift in Sources */,
				3400FF3B2FA800000000003B /* StorageManagementView.swift in Sources */,
				3400FF3D2FA800000000003D /* OfflineContentProvider.swift in Sources */,
				3400FF392FA8000000000039 /* DownloadButton.swift in Sources */,
				3400FF332FA8000000000033 /* OfflineStorageManager.swift in Sources */,
				3400FF312FA8000000000031 /* OfflineModels.swift in Sources */,
				3400FF0B2FA800000000000B /* AnalysisCacheService.swift in Sources */,
				3400FF0D2FA800000000000D /* SmartMixManager.swift in Sources */,
				3400FF0F2FA800000000000F /* ConnectService.swift in Sources */,
				3400EE012FA7000000000001 /* NowPlayingViewerView.swift in Sources */,
				3400EE042FA7000000000003 /* ProgressBarView.swift in Sources */,
				3400EE062FA7000000000005 /* PlaybackControlsView.swift in Sources */,
				3400EE082FA7000000000007 /* CanvasView.swift in Sources */,
				3400EE0A2FA7000000000009 /* CanvasService.swift in Sources */,
				3400EE0C2FA700000000000B /* LyricsView.swift in Sources */,
				3400EE0E2FA700000000000D /* LyricsService.swift in Sources */,
				3400EE102FA700000000000F /* QueuePanelView.swift in Sources */,
				3400EE122FA7000000000011 /* DevicePickerView.swift in Sources */,
				3400EE142FA7000000000013 /* AddToPlaylistView.swift in Sources */,
				3400FF432FA8000000000043 /* TransitionDiagnostics.swift in Sources */,
				3400FF452FA8000000000045 /* TransitionDiagnosticsView.swift in Sources */,
			);
			runOnlyForDeploymentPostprocessing = 0;
		};
/* End PBXSourcesBuildPhase section */

/* Begin PBXVariantGroup section */
		504EC3101FED79650016851F /* LaunchScreen.storyboard */ = {
			isa = PBXVariantGroup;
			children = (
				504EC3111FED79650016851F /* Base */,
			);
			name = LaunchScreen.storyboard;
			sourceTree = "<group>";
		};
/* End PBXVariantGroup section */

/* Begin XCBuildConfiguration section */
		504EC3141FED79650016851F /* Debug */ = {
			isa = XCBuildConfiguration;
			baseConfigurationReference = 958DCC722DB07C7200EA8C5F /* debug.xcconfig */;
			buildSettings = {
				ALWAYS_SEARCH_USER_PATHS = NO;
				ASSETCATALOG_COMPILER_GENERATE_SWIFT_ASSET_SYMBOL_EXTENSIONS = YES;
				CLANG_ANALYZER_NONNULL = YES;
				CLANG_ANALYZER_NUMBER_OBJECT_CONVERSION = YES_AGGRESSIVE;
				CLANG_CXX_LANGUAGE_STANDARD = "gnu++14";
				CLANG_CXX_LIBRARY = "libc++";
				CLANG_ENABLE_MODULES = YES;
				CLANG_ENABLE_OBJC_ARC = YES;
				CLANG_WARN_BLOCK_CAPTURE_AUTORELEASING = YES;
				CLANG_WARN_BOOL_CONVERSION = YES;
				CLANG_WARN_COMMA = YES;
				CLANG_WARN_CONSTANT_CONVERSION = YES;
				CLANG_WARN_DEPRECATED_OBJC_IMPLEMENTATIONS = YES;
				CLANG_WARN_DIRECT_OBJC_ISA_USAGE = YES_ERROR;
				CLANG_WARN_DOCUMENTATION_COMMENTS = YES;
				CLANG_WARN_EMPTY_BODY = YES;
				CLANG_WARN_ENUM_CONVERSION = YES;
				CLANG_WARN_INFINITE_RECURSION = YES;
				CLANG_WARN_INT_CONVERSION = YES;
				CLANG_WARN_NON_LITERAL_NULL_CONVERSION = YES;
				CLANG_WARN_OBJC_IMPLICIT_RETAIN_SELF = YES;
				CLANG_WARN_OBJC_LITERAL_CONVERSION = YES;
				CLANG_WARN_OBJC_ROOT_CLASS = YES_ERROR;
				CLANG_WARN_QUOTED_INCLUDE_IN_FRAMEWORK_HEADER = YES;
				CLANG_WARN_RANGE_LOOP_ANALYSIS = YES;
				CLANG_WARN_STRICT_PROTOTYPES = YES;
				CLANG_WARN_SUSPICIOUS_MOVE = YES;
				CLANG_WARN_UNGUARDED_AVAILABILITY = YES_AGGRESSIVE;
				CLANG_WARN_UNREACHABLE_CODE = YES;
				CLANG_WARN__DUPLICATE_METHOD_MATCH = YES;
				CODE_SIGN_IDENTITY = "iPhone Developer";
				COPY_PHASE_STRIP = NO;
				DEBUG_INFORMATION_FORMAT = dwarf;
				ENABLE_STRICT_OBJC_MSGSEND = YES;
				ENABLE_TESTABILITY = YES;
				ENABLE_USER_SCRIPT_SANDBOXING = YES;
				GCC_C_LANGUAGE_STANDARD = gnu11;
				GCC_DYNAMIC_NO_PIC = NO;
				GCC_NO_COMMON_BLOCKS = YES;
				GCC_OPTIMIZATION_LEVEL = 0;
				GCC_PREPROCESSOR_DEFINITIONS = (
					"DEBUG=1",
					"$(inherited)",
				);
				GCC_WARN_64_TO_32_BIT_CONVERSION = YES;
				GCC_WARN_ABOUT_RETURN_TYPE = YES_ERROR;
				GCC_WARN_UNDECLARED_SELECTOR = YES;
				GCC_WARN_UNINITIALIZED_AUTOS = YES_AGGRESSIVE;
				GCC_WARN_UNUSED_FUNCTION = YES;
				GCC_WARN_UNUSED_VARIABLE = YES;
				IPHONEOS_DEPLOYMENT_TARGET = 26.0;
				MTL_ENABLE_DEBUG_INFO = YES;
				ONLY_ACTIVE_ARCH = YES;
				SDKROOT = iphoneos;
				STRING_CATALOG_GENERATE_SYMBOLS = YES;
				SWIFT_ACTIVE_COMPILATION_CONDITIONS = DEBUG;
				SWIFT_OPTIMIZATION_LEVEL = "-Onone";
			};
			name = Debug;
		};
		504EC3151FED79650016851F /* Release */ = {
			isa = XCBuildConfiguration;
			buildSettings = {
				ALWAYS_SEARCH_USER_PATHS = NO;
				ASSETCATALOG_COMPILER_GENERATE_SWIFT_ASSET_SYMBOL_EXTENSIONS = YES;
				CLANG_ANALYZER_NONNULL = YES;
				CLANG_ANALYZER_NUMBER_OBJECT_CONVERSION = YES_AGGRESSIVE;
				CLANG_CXX_LANGUAGE_STANDARD = "gnu++14";
				CLANG_CXX_LIBRARY = "libc++";
				CLANG_ENABLE_MODULES = YES;
				CLANG_ENABLE_OBJC_ARC = YES;
				CLANG_WARN_BLOCK_CAPTURE_AUTORELEASING = YES;
				CLANG_WARN_BOOL_CONVERSION = YES;
				CLANG_WARN_COMMA = YES;
				CLANG_WARN_CONSTANT_CONVERSION = YES;
				CLANG_WARN_DEPRECATED_OBJC_IMPLEMENTATIONS = YES;
				CLANG_WARN_DIRECT_OBJC_ISA_USAGE = YES_ERROR;
				CLANG_WARN_DOCUMENTATION_COMMENTS = YES;
				CLANG_WARN_EMPTY_BODY = YES;
				CLANG_WARN_ENUM_CONVERSION = YES;
				CLANG_WARN_INFINITE_RECURSION = YES;
				CLANG_WARN_INT_CONVERSION = YES;
				CLANG_WARN_NON_LITERAL_NULL_CONVERSION = YES;
				CLANG_WARN_OBJC_IMPLICIT_RETAIN_SELF = YES;
				CLANG_WARN_OBJC_LITERAL_CONVERSION = YES;
				CLANG_WARN_OBJC_ROOT_CLASS = YES_ERROR;
				CLANG_WARN_QUOTED_INCLUDE_IN_FRAMEWORK_HEADER = YES;
				CLANG_WARN_RANGE_LOOP_ANALYSIS = YES;
				CLANG_WARN_STRICT_PROTOTYPES = YES;
				CLANG_WARN_SUSPICIOUS_MOVE = YES;
				CLANG_WARN_UNGUARDED_AVAILABILITY = YES_AGGRESSIVE;
				CLANG_WARN_UNREACHABLE_CODE = YES;
				CLANG_WARN__DUPLICATE_METHOD_MATCH = YES;
				CODE_SIGN_IDENTITY = "iPhone Developer";
				COPY_PHASE_STRIP = NO;
				DEBUG_INFORMATION_FORMAT = "dwarf-with-dsym";
				ENABLE_NS_ASSERTIONS = NO;
				ENABLE_STRICT_OBJC_MSGSEND = YES;
				ENABLE_USER_SCRIPT_SANDBOXING = YES;
				GCC_C_LANGUAGE_STANDARD = gnu11;
				GCC_NO_COMMON_BLOCKS = YES;
				GCC_WARN_64_TO_32_BIT_CONVERSION = YES;
				GCC_WARN_ABOUT_RETURN_TYPE = YES_ERROR;
				GCC_WARN_UNDECLARED_SELECTOR = YES;
				GCC_WARN_UNINITIALIZED_AUTOS = YES_AGGRESSIVE;
				GCC_WARN_UNUSED_FUNCTION = YES;
				GCC_WARN_UNUSED_VARIABLE = YES;
				IPHONEOS_DEPLOYMENT_TARGET = 26.0;
				MTL_ENABLE_DEBUG_INFO = NO;
				SDKROOT = iphoneos;
				STRING_CATALOG_GENERATE_SYMBOLS = YES;
				SWIFT_COMPILATION_MODE = wholemodule;
				SWIFT_OPTIMIZATION_LEVEL = "-O";
				VALIDATE_PRODUCT = YES;
			};
			name = Release;
		};
		504EC3171FED79650016851F /* Debug */ = {
			isa = XCBuildConfiguration;
			baseConfigurationReference = 958DCC722DB07C7200EA8C5F /* debug.xcconfig */;
			buildSettings = {
				ASSETCATALOG_COMPILER_APPICON_NAME = AppIcon;
				ASSETCATALOG_COMPILER_INCLUDE_ALL_APPICON_ASSETS = YES;
				CODE_SIGN_ENTITLEMENTS = App/App.entitlements;
				CODE_SIGN_STYLE = Automatic;
				CURRENT_PROJECT_VERSION = 0;
				DEVELOPMENT_TEAM = 7G32X7LQ35;
				INFOPLIST_FILE = App/Info.plist;
				INFOPLIST_KEY_CFBundleDisplayName = Audiorr;
				INFOPLIST_KEY_LSApplicationCategoryType = "public.app-category.music";
				IPHONEOS_DEPLOYMENT_TARGET = 26.0;
				LD_RUNPATH_SEARCH_PATHS = (
					"$(inherited)",
					"@executable_path/Frameworks",
				);
				MARKETING_VERSION = 6.7;
				OTHER_SWIFT_FLAGS = "$(inherited) \"-D\" \"COCOAPODS\" \"-DDEBUG\"";
				PRODUCT_BUNDLE_IDENTIFIER = com.leandro.audiorr;
				PRODUCT_NAME = "$(TARGET_NAME)";
				SWIFT_ACTIVE_COMPILATION_CONDITIONS = DEBUG;
				SWIFT_VERSION = 5.0;
				TARGETED_DEVICE_FAMILY = "1,2";
			};
			name = Debug;
		};
		504EC3181FED79650016851F /* Release */ = {
			isa = XCBuildConfiguration;
			buildSettings = {
				ASSETCATALOG_COMPILER_APPICON_NAME = AppIcon;
				ASSETCATALOG_COMPILER_INCLUDE_ALL_APPICON_ASSETS = YES;
				CODE_SIGN_ENTITLEMENTS = App/App.entitlements;
				CODE_SIGN_STYLE = Automatic;
				CURRENT_PROJECT_VERSION = 0;
				DEVELOPMENT_TEAM = 7G32X7LQ35;
				INFOPLIST_FILE = App/Info.plist;
				INFOPLIST_KEY_CFBundleDisplayName = Audiorr;
				INFOPLIST_KEY_LSApplicationCategoryType = "public.app-category.music";
				IPHONEOS_DEPLOYMENT_TARGET = 26.0;
				LD_RUNPATH_SEARCH_PATHS = (
					"$(inherited)",
					"@executable_path/Frameworks",
				);
				MARKETING_VERSION = 6.7;
				PRODUCT_BUNDLE_IDENTIFIER = com.leandro.audiorr;
				PRODUCT_NAME = "$(TARGET_NAME)";
				SWIFT_ACTIVE_COMPILATION_CONDITIONS = "";
				SWIFT_VERSION = 5.0;
				TARGETED_DEVICE_FAMILY = "1,2";
			};
			name = Release;
		};
/* End XCBuildConfiguration section */

/* Begin XCConfigurationList section */
		504EC2FF1FED79650016851F /* Build configuration list for PBXProject "App" */ = {
			isa = XCConfigurationList;
			buildConfigurations = (
				504EC3141FED79650016851F /* Debug */,
				504EC3151FED79650016851F /* Release */,
			);
			defaultConfigurationIsVisible = 0;
			defaultConfigurationName = Release;
		};
		504EC3161FED79650016851F /* Build configuration list for PBXNativeTarget "App" */ = {
			isa = XCConfigurationList;
			buildConfigurations = (
				504EC3171FED79650016851F /* Debug */,
				504EC3181FED79650016851F /* Release */,
			);
			defaultConfigurationIsVisible = 0;
			defaultConfigurationName = Release;
		};
/* End XCConfigurationList section */
	};
	rootObject = 504EC2FC1FED79650016851F /* Project object */;
}
